// !$*UTF8*$!
{
	archiveVersion = 1;
	classes = {
	};
	objectVersion = 55;
	objects = {

/* Begin PBXBuildFile section */
		F889574F282BF117003651AA /* Then in Frameworks */ = {isa = PBXBuildFile; productRef = F889574E282BF117003651AA /* Then */; };
		F8895752282BF7E8003651AA /* UIView+.swift in Sources */ = {isa = PBXBuildFile; fileRef = F8895751282BF7E8003651AA /* UIView+.swift */; };
		F8895755282BF91A003651AA /* MovieCollectionViewCell.swift in Sources */ = {isa = PBXBuildFile; fileRef = F8895754282BF91A003651AA /* MovieCollectionViewCell.swift */; };
		F89BA77A282B5D3B00B715D2 /* AppDelegate.swift in Sources */ = {isa = PBXBuildFile; fileRef = F89BA779282B5D3B00B715D2 /* AppDelegate.swift */; };
		F89BA77C282B5D3B00B715D2 /* SceneDelegate.swift in Sources */ = {isa = PBXBuildFile; fileRef = F89BA77B282B5D3B00B715D2 /* SceneDelegate.swift */; };
		F89BA77E282B5D3B00B715D2 /* ViewController.swift in Sources */ = {isa = PBXBuildFile; fileRef = F89BA77D282B5D3B00B715D2 /* ViewController.swift */; };
		F89BA783282B5D3D00B715D2 /* Assets.xcassets in Resources */ = {isa = PBXBuildFile; fileRef = F89BA782282B5D3D00B715D2 /* Assets.xcassets */; };
		F89BA786282B5D3D00B715D2 /* LaunchScreen.storyboard in Resources */ = {isa = PBXBuildFile; fileRef = F89BA784282B5D3D00B715D2 /* LaunchScreen.storyboard */; };
/* End PBXBuildFile section */

/* Begin PBXFileReference section */
		F8895751282BF7E8003651AA /* UIView+.swift */ = {isa = PBXFileReference; lastKnownFileType = sourcecode.swift; path = "UIView+.swift"; sourceTree = "<group>"; };
		F8895754282BF91A003651AA /* MovieCollectionViewCell.swift */ = {isa = PBXFileReference; lastKnownFileType = sourcecode.swift; path = MovieCollectionViewCell.swift; sourceTree = "<group>"; };
		F89BA776282B5D3B00B715D2 /* SpectaClone-iOS.app */ = {isa = PBXFileReference; explicitFileType = wrapper.application; includeInIndex = 0; path = "SpectaClone-iOS.app"; sourceTree = BUILT_PRODUCTS_DIR; };
		F89BA779282B5D3B00B715D2 /* AppDelegate.swift */ = {isa = PBXFileReference; lastKnownFileType = sourcecode.swift; path = AppDelegate.swift; sourceTree = "<group>"; };
		F89BA77B282B5D3B00B715D2 /* SceneDelegate.swift */ = {isa = PBXFileReference; lastKnownFileType = sourcecode.swift; path = SceneDelegate.swift; sourceTree = "<group>"; };
		F89BA77D282B5D3B00B715D2 /* ViewController.swift */ = {isa = PBXFileReference; lastKnownFileType = sourcecode.swift; path = ViewController.swift; sourceTree = "<group>"; };
		F89BA782282B5D3D00B715D2 /* Assets.xcassets */ = {isa = PBXFileReference; lastKnownFileType = folder.assetcatalog; path = Assets.xcassets; sourceTree = "<group>"; };
		F89BA785282B5D3D00B715D2 /* Base */ = {isa = PBXFileReference; lastKnownFileType = file.storyboard; name = Base; path = Base.lproj/LaunchScreen.storyboard; sourceTree = "<group>"; };
		F89BA787282B5D3D00B715D2 /* Info.plist */ = {isa = PBXFileReference; lastKnownFileType = text.plist.xml; path = Info.plist; sourceTree = "<group>"; };
/* End PBXFileReference section */

/* Begin PBXFrameworksBuildPhase section */
		F89BA773282B5D3B00B715D2 /* Frameworks */ = {
			isa = PBXFrameworksBuildPhase;
			buildActionMask = 2147483647;
			files = (
				F889574F282BF117003651AA /* Then in Frameworks */,
			);
			runOnlyForDeploymentPostprocessing = 0;
		};
/* End PBXFrameworksBuildPhase section */

/* Begin PBXGroup section */
		F889574C282BEFF2003651AA /* ViewControllers */ = {
			isa = PBXGroup;
			children = (
				F89BA77D282B5D3B00B715D2 /* ViewController.swift */,
			);
			path = ViewControllers;
			sourceTree = "<group>";
		};
		F8895750282BF7D9003651AA /* Extension */ = {
			isa = PBXGroup;
			children = (
				F8895751282BF7E8003651AA /* UIView+.swift */,
			);
			path = Extension;
			sourceTree = "<group>";
		};
		F8895753282BF8FE003651AA /* Cells */ = {
			isa = PBXGroup;
			children = (
				F8895754282BF91A003651AA /* MovieCollectionViewCell.swift */,
			);
			path = Cells;
			sourceTree = "<group>";
		};
		F89BA76D282B5D3A00B715D2 = {
			isa = PBXGroup;
			children = (
				F89BA778282B5D3B00B715D2 /* SpectaClone-iOS */,
				F89BA777282B5D3B00B715D2 /* Products */,
			);
			sourceTree = "<group>";
		};
		F89BA777282B5D3B00B715D2 /* Products */ = {
			isa = PBXGroup;
			children = (
				F89BA776282B5D3B00B715D2 /* SpectaClone-iOS.app */,
			);
			name = Products;
			sourceTree = "<group>";
		};
		F89BA778282B5D3B00B715D2 /* SpectaClone-iOS */ = {
			isa = PBXGroup;
			children = (
				F89BA787282B5D3D00B715D2 /* Info.plist */,
				F8A273D6282BA14E003CC329 /* Source */,
				F8A273D5282BA14A003CC329 /* Resource */,
			);
			path = "SpectaClone-iOS";
			sourceTree = "<group>";
		};
		F8A273D5282BA14A003CC329 /* Resource */ = {
			isa = PBXGroup;
			children = (
				F89BA779282B5D3B00B715D2 /* AppDelegate.swift */,
				F89BA77B282B5D3B00B715D2 /* SceneDelegate.swift */,
				F89BA782282B5D3D00B715D2 /* Assets.xcassets */,
				F89BA784282B5D3D00B715D2 /* LaunchScreen.storyboard */,
			);
			path = Resource;
			sourceTree = "<group>";
		};
		F8A273D6282BA14E003CC329 /* Source */ = {
			isa = PBXGroup;
			children = (
				F8895753282BF8FE003651AA /* Cells */,
				F8895750282BF7D9003651AA /* Extension */,
				F889574C282BEFF2003651AA /* ViewControllers */,
			);
			path = Source;
			sourceTree = "<group>";
		};
/* End PBXGroup section */

/* Begin PBXNativeTarget section */
		F89BA775282B5D3B00B715D2 /* SpectaClone-iOS */ = {
			isa = PBXNativeTarget;
			buildConfigurationList = F89BA78A282B5D3D00B715D2 /* Build configuration list for PBXNativeTarget "SpectaClone-iOS" */;
			buildPhases = (
				F89BA772282B5D3B00B715D2 /* Sources */,
				F89BA773282B5D3B00B715D2 /* Frameworks */,
				F89BA774282B5D3B00B715D2 /* Resources */,
			);
			buildRules = (
			);
			dependencies = (
			);
			name = "SpectaClone-iOS";
			packageProductDependencies = (
				F889574E282BF117003651AA /* Then */,
			);
			productName = "SpectaClone-iOS";
			productReference = F89BA776282B5D3B00B715D2 /* SpectaClone-iOS.app */;
			productType = "com.apple.product-type.application";
		};
/* End PBXNativeTarget section */

/* Begin PBXProject section */
		F89BA76E282B5D3A00B715D2 /* Project object */ = {
			isa = PBXProject;
			attributes = {
				BuildIndependentTargetsInParallel = 1;
				LastSwiftUpdateCheck = 1330;
				LastUpgradeCheck = 1330;
				TargetAttributes = {
					F89BA775282B5D3B00B715D2 = {
						CreatedOnToolsVersion = 13.3.1;
					};
				};
			};
			buildConfigurationList = F89BA771282B5D3A00B715D2 /* Build configuration list for PBXProject "SpectaClone-iOS" */;
			compatibilityVersion = "Xcode 13.0";
			developmentRegion = en;
			hasScannedForEncodings = 0;
			knownRegions = (
				en,
				Base,
			);
			mainGroup = F89BA76D282B5D3A00B715D2;
			packageReferences = (
				F889574D282BF117003651AA /* XCRemoteSwiftPackageReference "Then" */,
			);
			productRefGroup = F89BA777282B5D3B00B715D2 /* Products */;
			projectDirPath = "";
			projectRoot = "";
			targets = (
				F89BA775282B5D3B00B715D2 /* SpectaClone-iOS */,
			);
		};
/* End PBXProject section */

/* Begin PBXResourcesBuildPhase section */
		F89BA774282B5D3B00B715D2 /* Resources */ = {
			isa = PBXResourcesBuildPhase;
			buildActionMask = 2147483647;
			files = (
				F89BA786282B5D3D00B715D2 /* LaunchScreen.storyboard in Resources */,
				F89BA783282B5D3D00B715D2 /* Assets.xcassets in Resources */,
			);
			runOnlyForDeploymentPostprocessing = 0;
		};
/* End PBXResourcesBuildPhase section */

/* Begin PBXSourcesBuildPhase section */
		F89BA772282B5D3B00B715D2 /* Sources */ = {
			isa = PBXSourcesBuildPhase;
			buildActionMask = 2147483647;
			files = (
				F8895752282BF7E8003651AA /* UIView+.swift in Sources */,
				F89BA77E282B5D3B00B715D2 /* ViewController.swift in Sources */,
				F8895755282BF91A003651AA /* MovieCollectionViewCell.swift in Sources */,
				F89BA77A282B5D3B00B715D2 /* AppDelegate.swift in Sources */,
				F89BA77C282B5D3B00B715D2 /* SceneDelegate.swift in Sources */,
			);
			runOnlyForDeploymentPostprocessing = 0;
		};
/* End PBXSourcesBuildPhase section */

/* Begin PBXVariantGroup section */
		F89BA784282B5D3D00B715D2 /* LaunchScreen.storyboard */ = {
			isa = PBXVariantGroup;
			children = (
				F89BA785282B5D3D00B715D2 /* Base */,
			);
			name = LaunchScreen.storyboard;
			sourceTree = "<group>";
		};
/* End PBXVariantGroup section */

/* Begin XCBuildConfiguration section */
		F89BA788282B5D3D00B715D2 /* Debug */ = {
			isa = XCBuildConfiguration;
			buildSettings = {
				ALWAYS_SEARCH_USER_PATHS = NO;
				CLANG_ANALYZER_NONNULL = YES;
				CLANG_ANALYZER_NUMBER_OBJECT_CONVERSION = YES_AGGRESSIVE;
				CLANG_CXX_LANGUAGE_STANDARD = "gnu++17";
				CLANG_ENABLE_MODULES = YES;
				CLANG_ENABLE_OBJC_ARC = YES;
				CLANG_ENABLE_OBJC_WEAK = YES;
				CLANG_WARN_BLOCK_CAPTURE_AUTORELEASING = YES;
				CLANG_WARN_BOOL_CONVERSION = YES;
				CLANG_WARN_COMMA = YES;
				CLANG_WARN_CONSTANT_CONVERSION = YES;
				CLANG_WARN_DEPRECATED_OBJC_IMPLEMENTATIONS = YES;
				CLANG_WARN_DIRECT_OBJC_ISA_USAGE = YES_ERROR;
				CLANG_WARN_DOCUMENTATION_COMMENTS = YES;
				CLANG_WARN_EMPTY_BODY = YES;
				CLANG_WARN_ENUM_CONVERSION = YES;
				CLANG_WARN_INFINITE_RECURSION = YES;
				CLANG_WARN_INT_CONVERSION = YES;
				CLANG_WARN_NON_LITERAL_NULL_CONVERSION = YES;
				CLANG_WARN_OBJC_IMPLICIT_RETAIN_SELF = YES;
				CLANG_WARN_OBJC_LITERAL_CONVERSION = YES;
				CLANG_WARN_OBJC_ROOT_CLASS = YES_ERROR;
				CLANG_WARN_QUOTED_INCLUDE_IN_FRAMEWORK_HEADER = YES;
				CLANG_WARN_RANGE_LOOP_ANALYSIS = YES;
				CLANG_WARN_STRICT_PROTOTYPES = YES;
				CLANG_WARN_SUSPICIOUS_MOVE = YES;
				CLANG_WARN_UNGUARDED_AVAILABILITY = YES_AGGRESSIVE;
				CLANG_WARN_UNREACHABLE_CODE = YES;
				CLANG_WARN__DUPLICATE_METHOD_MATCH = YES;
				COPY_PHASE_STRIP = NO;
				DEBUG_INFORMATION_FORMAT = dwarf;
				ENABLE_STRICT_OBJC_MSGSEND = YES;
				ENABLE_TESTABILITY = YES;
				GCC_C_LANGUAGE_STANDARD = gnu11;
				GCC_DYNAMIC_NO_PIC = NO;
				GCC_NO_COMMON_BLOCKS = YES;
				GCC_OPTIMIZATION_LEVEL = 0;
				GCC_PREPROCESSOR_DEFINITIONS = (
					"DEBUG=1",
					"$(inherited)",
				);
				GCC_WARN_64_TO_32_BIT_CONVERSION = YES;
				GCC_WARN_ABOUT_RETURN_TYPE = YES_ERROR;
				GCC_WARN_UNDECLARED_SELECTOR = YES;
				GCC_WARN_UNINITIALIZED_AUTOS = YES_AGGRESSIVE;
				GCC_WARN_UNUSED_FUNCTION = YES;
				GCC_WARN_UNUSED_VARIABLE = YES;
				IPHONEOS_DEPLOYMENT_TARGET = 15.4;
				MTL_ENABLE_DEBUG_INFO = INCLUDE_SOURCE;
				MTL_FAST_MATH = YES;
				ONLY_ACTIVE_ARCH = YES;
				SDKROOT = iphoneos;
				SWIFT_ACTIVE_COMPILATION_CONDITIONS = DEBUG;
				SWIFT_OPTIMIZATION_LEVEL = "-Onone";
			};
			name = Debug;
		};
		F89BA789282B5D3D00B715D2 /* Release */ = {
			isa = XCBuildConfiguration;
			buildSettings = {
				ALWAYS_SEARCH_USER_PATHS = NO;
				CLANG_ANALYZER_NONNULL = YES;
				CLANG_ANALYZER_NUMBER_OBJECT_CONVERSION = YES_AGGRESSIVE;
				CLANG_CXX_LANGUAGE_STANDARD = "gnu++17";
				CLANG_ENABLE_MODULES = YES;
				CLANG_ENABLE_OBJC_ARC = YES;
				CLANG_ENABLE_OBJC_WEAK = YES;
				CLANG_WARN_BLOCK_CAPTURE_AUTORELEASING = YES;
				CLANG_WARN_BOOL_CONVERSION = YES;
				CLANG_WARN_COMMA = YES;
				CLANG_WARN_CONSTANT_CONVERSION = YES;
				CLANG_WARN_DEPRECATED_OBJC_IMPLEMENTATIONS = YES;
				CLANG_WARN_DIRECT_OBJC_ISA_USAGE = YES_ERROR;
				CLANG_WARN_DOCUMENTATION_COMMENTS = YES;
				CLANG_WARN_EMPTY_BODY = YES;
				CLANG_WARN_ENUM_CONVERSION = YES;
				CLANG_WARN_INFINITE_RECURSION = YES;
				CLANG_WARN_INT_CONVERSION = YES;
				CLANG_WARN_NON_LITERAL_NULL_CONVERSION = YES;
				CLANG_WARN_OBJC_IMPLICIT_RETAIN_SELF = YES;
				CLANG_WARN_OBJC_LITERAL_CONVERSION = YES;
				CLANG_WARN_OBJC_ROOT_CLASS = YES_ERROR;
				CLANG_WARN_QUOTED_INCLUDE_IN_FRAMEWORK_HEADER = YES;
				CLANG_WARN_RANGE_LOOP_ANALYSIS = YES;
				CLANG_WARN_STRICT_PROTOTYPES = YES;
				CLANG_WARN_SUSPICIOUS_MOVE = YES;
				CLANG_WARN_UNGUARDED_AVAILABILITY = YES_AGGRESSIVE;
				CLANG_WARN_UNREACHABLE_CODE = YES;
				CLANG_WARN__DUPLICATE_METHOD_MATCH = YES;
				COPY_PHASE_STRIP = NO;
				DEBUG_INFORMATION_FORMAT = "dwarf-with-dsym";
				ENABLE_NS_ASSERTIONS = NO;
				ENABLE_STRICT_OBJC_MSGSEND = YES;
				GCC_C_LANGUAGE_STANDARD = gnu11;
				GCC_NO_COMMON_BLOCKS = YES;
				GCC_WARN_64_TO_32_BIT_CONVERSION = YES;
				GCC_WARN_ABOUT_RETURN_TYPE = YES_ERROR;
				GCC_WARN_UNDECLARED_SELECTOR = YES;
				GCC_WARN_UNINITIALIZED_AUTOS = YES_AGGRESSIVE;
				GCC_WARN_UNUSED_FUNCTION = YES;
				GCC_WARN_UNUSED_VARIABLE = YES;
				IPHONEOS_DEPLOYMENT_TARGET = 15.4;
				MTL_ENABLE_DEBUG_INFO = NO;
				MTL_FAST_MATH = YES;
				SDKROOT = iphoneos;
				SWIFT_COMPILATION_MODE = wholemodule;
				SWIFT_OPTIMIZATION_LEVEL = "-O";
				VALIDATE_PRODUCT = YES;
			};
			name = Release;
		};
		F89BA78B282B5D3D00B715D2 /* Debug */ = {
			isa = XCBuildConfiguration;
			buildSettings = {
				ASSETCATALOG_COMPILER_APPICON_NAME = AppIcon;
				ASSETCATALOG_COMPILER_GLOBAL_ACCENT_COLOR_NAME = AccentColor;
				CODE_SIGN_STYLE = Automatic;
				CURRENT_PROJECT_VERSION = 1;
				DEVELOPMENT_TEAM = T8C9SSEX5G;
				GENERATE_INFOPLIST_FILE = YES;
				INFOPLIST_FILE = "SpectaClone-iOS/Info.plist";
				INFOPLIST_KEY_UIApplicationSupportsIndirectInputEvents = YES;
				INFOPLIST_KEY_UILaunchStoryboardName = LaunchScreen;
				INFOPLIST_KEY_UISupportedInterfaceOrientations_iPad = "UIInterfaceOrientationPortrait UIInterfaceOrientationPortraitUpsideDown UIInterfaceOrientationLandscapeLeft UIInterfaceOrientationLandscapeRight";
				INFOPLIST_KEY_UISupportedInterfaceOrientations_iPhone = "UIInterfaceOrientationPortrait UIInterfaceOrientationLandscapeLeft UIInterfaceOrientationLandscapeRight";
				LD_RUNPATH_SEARCH_PATHS = (
					"$(inherited)",
					"@executable_path/Frameworks",
				);
				MARKETING_VERSION = 1.0;
				PRODUCT_BUNDLE_IDENTIFIER = "com.exemple.hyun99999.SpectaClone-iOS";
				PRODUCT_NAME = "$(TARGET_NAME)";
				SWIFT_EMIT_LOC_STRINGS = YES;
				SWIFT_VERSION = 5.0;
				TARGETED_DEVICE_FAMILY = "1,2";
			};
			name = Debug;
		};
		F89BA78C282B5D3D00B715D2 /* Release */ = {
			isa = XCBuildConfiguration;
			buildSettings = {
				ASSETCATALOG_COMPILER_APPICON_NAME = AppIcon;
				ASSETCATALOG_COMPILER_GLOBAL_ACCENT_COLOR_NAME = AccentColor;
				CODE_SIGN_STYLE = Automatic;
				CURRENT_PROJECT_VERSION = 1;
				DEVELOPMENT_TEAM = T8C9SSEX5G;
				GENERATE_INFOPLIST_FILE = YES;
				INFOPLIST_FILE = "SpectaClone-iOS/Info.plist";
				INFOPLIST_KEY_UIApplicationSupportsIndirectInputEvents = YES;
				INFOPLIST_KEY_UILaunchStoryboardName = LaunchScreen;
				INFOPLIST_KEY_UISupportedInterfaceOrientations_iPad = "UIInterfaceOrientationPortrait UIInterfaceOrientationPortraitUpsideDown UIInterfaceOrientationLandscapeLeft UIInterfaceOrientationLandscapeRight";
				INFOPLIST_KEY_UISupportedInterfaceOrientations_iPhone = "UIInterfaceOrientationPortrait UIInterfaceOrientationLandscapeLeft UIInterfaceOrientationLandscapeRight";
				LD_RUNPATH_SEARCH_PATHS = (
					"$(inherited)",
					"@executable_path/Frameworks",
				);
				MARKETING_VERSION = 1.0;
				PRODUCT_BUNDLE_IDENTIFIER = "com.exemple.hyun99999.SpectaClone-iOS";
				PRODUCT_NAME = "$(TARGET_NAME)";
				SWIFT_EMIT_LOC_STRINGS = YES;
				SWIFT_VERSION = 5.0;
				TARGETED_DEVICE_FAMILY = "1,2";
			};
			name = Release;
		};
/* End XCBuildConfiguration section */

/* Begin XCConfigurationList section */
		F89BA771282B5D3A00B715D2 /* Build configuration list for PBXProject "SpectaClone-iOS" */ = {
			isa = XCConfigurationList;
			buildConfigurations = (
				F89BA788282B5D3D00B715D2 /* Debug */,
				F89BA789282B5D3D00B715D2 /* Release */,
			);
			defaultConfigurationIsVisible = 0;
			defaultConfigurationName = Release;
		};
		F89BA78A282B5D3D00B715D2 /* Build configuration list for PBXNativeTarget "SpectaClone-iOS" */ = {
			isa = XCConfigurationList;
			buildConfigurations = (
				F89BA78B282B5D3D00B715D2 /* Debug */,
				F89BA78C282B5D3D00B715D2 /* Release */,
			);
			defaultConfigurationIsVisible = 0;
			defaultConfigurationName = Release;
		};
/* End XCConfigurationList section */

/* Begin XCRemoteSwiftPackageReference section */
		F889574D282BF117003651AA /* XCRemoteSwiftPackageReference "Then" */ = {
			isa = XCRemoteSwiftPackageReference;
			repositoryURL = "https://github.com/devxoul/Then";
			requirement = {
				kind = upToNextMajorVersion;
				minimumVersion = 3.0.0;
			};
		};
/* End XCRemoteSwiftPackageReference section */

/* Begin XCSwiftPackageProductDependency section */
		F889574E282BF117003651AA /* Then */ = {
			isa = XCSwiftPackageProductDependency;
			package = F889574D282BF117003651AA /* XCRemoteSwiftPackageReference "Then" */;
			productName = Then;
		};
/* End XCSwiftPackageProductDependency section */
	};
	rootObject = F89BA76E282B5D3A00B715D2 /* Project object */;
}
